// !$*UTF8*$!
{
	archiveVersion = 1;
	classes = {
	};
	objectVersion = 56;
	objects = {

/* Begin PBXBuildFile section */
		6C4DC0A12D32A848006B203D /* HabitTrackerApp.swift in Sources */ = {isa = PBXBuildFile; fileRef = 6C4DC0A02D32A848006B203D /* HabitTrackerApp.swift */; };
		6C4DC0A32D32A848006B203D /* ContentView.swift in Sources */ = {isa = PBXBuildFile; fileRef = 6C4DC0A22D32A848006B203D /* ContentView.swift */; };
		6C4DC0A52D32A84A006B203D /* Assets.xcassets in Resources */ = {isa = PBXBuildFile; fileRef = 6C4DC0A42D32A84A006B203D /* Assets.xcassets */; };
		6C4DC0A82D32A84A006B203D /* Preview Assets.xcassets in Resources */ = {isa = PBXBuildFile; fileRef = 6C4DC0A72D32A84A006B203D /* Preview Assets.xcassets */; };
		6C4DC0B62D32ACEA006B203D /* FirebaseAnalytics in Frameworks */ = {isa = PBXBuildFile; productRef = 6C4DC0B52D32ACEA006B203D /* FirebaseAnalytics */; };
		6C4DC0B82D32ACEA006B203D /* FirebaseAnalyticsOnDeviceConversion in Frameworks */ = {isa = PBXBuildFile; productRef = 6C4DC0B72D32ACEA006B203D /* FirebaseAnalyticsOnDeviceConversion */; };
		6C4DC0BA2D32ACEA006B203D /* FirebaseAnalyticsWithoutAdIdSupport in Frameworks */ = {isa = PBXBuildFile; productRef = 6C4DC0B92D32ACEA006B203D /* FirebaseAnalyticsWithoutAdIdSupport */; };
		6C4DC0BC2D32ACEA006B203D /* FirebaseAppCheck in Frameworks */ = {isa = PBXBuildFile; productRef = 6C4DC0BB2D32ACEA006B203D /* FirebaseAppCheck */; };
		6C4DC0BE2D32ACEA006B203D /* FirebaseAppDistribution-Beta in Frameworks */ = {isa = PBXBuildFile; productRef = 6C4DC0BD2D32ACEA006B203D /* FirebaseAppDistribution-Beta */; };
		6C4DC0C02D32ACEA006B203D /* FirebaseAuth in Frameworks */ = {isa = PBXBuildFile; productRef = 6C4DC0BF2D32ACEA006B203D /* FirebaseAuth */; };
		6C4DC0C22D32ACEA006B203D /* FirebaseAuthCombine-Community in Frameworks */ = {isa = PBXBuildFile; productRef = 6C4DC0C12D32ACEA006B203D /* FirebaseAuthCombine-Community */; };
		6C4DC0C42D32ACEA006B203D /* FirebaseCore in Frameworks */ = {isa = PBXBuildFile; productRef = 6C4DC0C32D32ACEA006B203D /* FirebaseCore */; };
		6C4DC0C62D32ACEA006B203D /* FirebaseCrashlytics in Frameworks */ = {isa = PBXBuildFile; productRef = 6C4DC0C52D32ACEA006B203D /* FirebaseCrashlytics */; };
		6C4DC0C82D32ACEA006B203D /* FirebaseDatabase in Frameworks */ = {isa = PBXBuildFile; productRef = 6C4DC0C72D32ACEA006B203D /* FirebaseDatabase */; };
		6C4DC0CA2D32ACEA006B203D /* FirebaseDynamicLinks in Frameworks */ = {isa = PBXBuildFile; productRef = 6C4DC0C92D32ACEA006B203D /* FirebaseDynamicLinks */; };
		6C4DC0CC2D32ACEA006B203D /* FirebaseFirestore in Frameworks */ = {isa = PBXBuildFile; productRef = 6C4DC0CB2D32ACEA006B203D /* FirebaseFirestore */; };
		6C4DC0CE2D32ACEA006B203D /* FirebaseFirestoreCombine-Community in Frameworks */ = {isa = PBXBuildFile; productRef = 6C4DC0CD2D32ACEA006B203D /* FirebaseFirestoreCombine-Community */; };
		6C4DC0D02D32ACEA006B203D /* FirebaseFunctions in Frameworks */ = {isa = PBXBuildFile; productRef = 6C4DC0CF2D32ACEA006B203D /* FirebaseFunctions */; };
		6C4DC0D22D32ACEA006B203D /* FirebaseFunctionsCombine-Community in Frameworks */ = {isa = PBXBuildFile; productRef = 6C4DC0D12D32ACEA006B203D /* FirebaseFunctionsCombine-Community */; };
		6C4DC0D42D32ACEA006B203D /* FirebaseInAppMessaging-Beta in Frameworks */ = {isa = PBXBuildFile; productRef = 6C4DC0D32D32ACEA006B203D /* FirebaseInAppMessaging-Beta */; };
		6C4DC0D62D32ACEA006B203D /* FirebaseInstallations in Frameworks */ = {isa = PBXBuildFile; productRef = 6C4DC0D52D32ACEA006B203D /* FirebaseInstallations */; };
		6C4DC0D82D32ACEA006B203D /* FirebaseMLModelDownloader in Frameworks */ = {isa = PBXBuildFile; productRef = 6C4DC0D72D32ACEA006B203D /* FirebaseMLModelDownloader */; };
		6C4DC0DA2D32ACEA006B203D /* FirebaseMessaging in Frameworks */ = {isa = PBXBuildFile; productRef = 6C4DC0D92D32ACEA006B203D /* FirebaseMessaging */; };
		6C4DC0DC2D32ACEA006B203D /* FirebasePerformance in Frameworks */ = {isa = PBXBuildFile; productRef = 6C4DC0DB2D32ACEA006B203D /* FirebasePerformance */; };
		6C4DC0DE2D32ACEA006B203D /* FirebaseRemoteConfig in Frameworks */ = {isa = PBXBuildFile; productRef = 6C4DC0DD2D32ACEA006B203D /* FirebaseRemoteConfig */; };
		6C4DC0E02D32ACEA006B203D /* FirebaseStorage in Frameworks */ = {isa = PBXBuildFile; productRef = 6C4DC0DF2D32ACEA006B203D /* FirebaseStorage */; };
		6C4DC0E22D32ACEA006B203D /* FirebaseStorageCombine-Community in Frameworks */ = {isa = PBXBuildFile; productRef = 6C4DC0E12D32ACEA006B203D /* FirebaseStorageCombine-Community */; };
		6C4DC0E42D32ACEA006B203D /* FirebaseVertexAI in Frameworks */ = {isa = PBXBuildFile; productRef = 6C4DC0E32D32ACEA006B203D /* FirebaseVertexAI */; };
		6C4DC0E72D32AEE6006B203D /* GoogleService-Info.plist in Resources */ = {isa = PBXBuildFile; fileRef = 6C4DC0E62D32AEE6006B203D /* GoogleService-Info.plist */; };
		6C4DC0F22D32B552006B203D /* LoginRepository.swift in Sources */ = {isa = PBXBuildFile; fileRef = 6C4DC0F12D32B552006B203D /* LoginRepository.swift */; };
		6C4DC0F42D32B604006B203D /* User.swift in Sources */ = {isa = PBXBuildFile; fileRef = 6C4DC0F32D32B604006B203D /* User.swift */; };
		6C4DC0F62D32B644006B203D /* LoginDataRepository.swift in Sources */ = {isa = PBXBuildFile; fileRef = 6C4DC0F52D32B644006B203D /* LoginDataRepository.swift */; };
		6C4DC0F92D32B6DF006B203D /* LoginWithEmailUseCase.swift in Sources */ = {isa = PBXBuildFile; fileRef = 6C4DC0F82D32B6DF006B203D /* LoginWithEmailUseCase.swift */; };
		6C4DC0FC2D32BCFA006B203D /* LogoutUseCase.swift in Sources */ = {isa = PBXBuildFile; fileRef = 6C4DC0FB2D32BCFA006B203D /* LogoutUseCase.swift */; };
		6C4DC0FF2D32D0DB006B203D /* DatabaseManager.swift in Sources */ = {isa = PBXBuildFile; fileRef = 6C4DC0FE2D32D0DB006B203D /* DatabaseManager.swift */; };
		6C4DC1012D32DFC7006B203D /* LoginWithEmailView.swift in Sources */ = {isa = PBXBuildFile; fileRef = 6C4DC1002D32DFC7006B203D /* LoginWithEmailView.swift */; };
		6C4DC1042D32EA4D006B203D /* UserAuthorizationState.swift in Sources */ = {isa = PBXBuildFile; fileRef = 6C4DC1032D32EA4D006B203D /* UserAuthorizationState.swift */; };
		6C4DC1062D32EE1B006B203D /* HomeView.swift in Sources */ = {isa = PBXBuildFile; fileRef = 6C4DC1052D32EE1B006B203D /* HomeView.swift */; };
		6C4DC10A2D32EE5C006B203D /* LoginWithEmailViewModel.swift in Sources */ = {isa = PBXBuildFile; fileRef = 6C4DC1092D32EE5C006B203D /* LoginWithEmailViewModel.swift */; };
		6C4DC10C2D32EE8B006B203D /* RequestState.swift in Sources */ = {isa = PBXBuildFile; fileRef = 6C4DC10B2D32EE8B006B203D /* RequestState.swift */; };
		6C4DC10E2D32EF4E006B203D /* SignUpWithEmailUseCase.swift in Sources */ = {isa = PBXBuildFile; fileRef = 6C4DC10D2D32EF4E006B203D /* SignUpWithEmailUseCase.swift */; };
		6C4DC1112D33BD78006B203D /* AppScreen.swift in Sources */ = {isa = PBXBuildFile; fileRef = 6C4DC1102D33BD78006B203D /* AppScreen.swift */; };
		6C4DC1132D33BE65006B203D /* Habit.swift in Sources */ = {isa = PBXBuildFile; fileRef = 6C4DC1122D33BE65006B203D /* Habit.swift */; };
		6C4DC1162D33D95E006B203D /* HabitRepository.swift in Sources */ = {isa = PBXBuildFile; fileRef = 6C4DC1152D33D95E006B203D /* HabitRepository.swift */; };
		6C4DC1182D33D9F6006B203D /* HabitDataRepository.swift in Sources */ = {isa = PBXBuildFile; fileRef = 6C4DC1172D33D9F6006B203D /* HabitDataRepository.swift */; };
		6C4DC11B2D33DF81006B203D /* AddingHabitUseCase.swift in Sources */ = {isa = PBXBuildFile; fileRef = 6C4DC11A2D33DF81006B203D /* AddingHabitUseCase.swift */; };
		6C4DC11D2D33DFE0006B203D /* UpdatingHabitUseCase.swift in Sources */ = {isa = PBXBuildFile; fileRef = 6C4DC11C2D33DFE0006B203D /* UpdatingHabitUseCase.swift */; };
		6C4DC11F2D33E01E006B203D /* FetchingHabitsUseCase.swift in Sources */ = {isa = PBXBuildFile; fileRef = 6C4DC11E2D33E01E006B203D /* FetchingHabitsUseCase.swift */; };
		6C4DC1212D33E081006B203D /* DeletingHabitUseCase.swift in Sources */ = {isa = PBXBuildFile; fileRef = 6C4DC1202D33E081006B203D /* DeletingHabitUseCase.swift */; };
		6C4DC1232D33E0EA006B203D /* HomeViewModel.swift in Sources */ = {isa = PBXBuildFile; fileRef = 6C4DC1222D33E0EA006B203D /* HomeViewModel.swift */; };
		6C4DC1252D343638006B203D /* HabitCardDetails.swift in Sources */ = {isa = PBXBuildFile; fileRef = 6C4DC1242D343638006B203D /* HabitCardDetails.swift */; };
		6C4DC1292D3448A7006B203D /* AddNewHabitView.swift in Sources */ = {isa = PBXBuildFile; fileRef = 6C4DC1282D3448A7006B203D /* AddNewHabitView.swift */; };
		6C4DC12B2D344C80006B203D /* HabitCardState.swift in Sources */ = {isa = PBXBuildFile; fileRef = 6C4DC12A2D344C80006B203D /* HabitCardState.swift */; };
		6C4DC12D2D345543006B203D /* HomeLoaderView.swift in Sources */ = {isa = PBXBuildFile; fileRef = 6C4DC12C2D345543006B203D /* HomeLoaderView.swift */; };
		6C4DC1302D3455C3006B203D /* ViewExtension.swift in Sources */ = {isa = PBXBuildFile; fileRef = 6C4DC12F2D3455C3006B203D /* ViewExtension.swift */; };
		6C4DC1332D3455E9006B203D /* ShimmerEffect.swift in Sources */ = {isa = PBXBuildFile; fileRef = 6C4DC1322D3455E9006B203D /* ShimmerEffect.swift */; };
		6C4DC1352D34809E006B203D /* LunchScreen.storyboard in Resources */ = {isa = PBXBuildFile; fileRef = 6C4DC1342D34809E006B203D /* LunchScreen.storyboard */; };
/* End PBXBuildFile section */

/* Begin PBXFileReference section */
		6C4DC09D2D32A848006B203D /* HabitTracker.app */ = {isa = PBXFileReference; explicitFileType = wrapper.application; includeInIndex = 0; path = HabitTracker.app; sourceTree = BUILT_PRODUCTS_DIR; };
		6C4DC0A02D32A848006B203D /* HabitTrackerApp.swift */ = {isa = PBXFileReference; lastKnownFileType = sourcecode.swift; path = HabitTrackerApp.swift; sourceTree = "<group>"; };
		6C4DC0A22D32A848006B203D /* ContentView.swift */ = {isa = PBXFileReference; lastKnownFileType = sourcecode.swift; path = ContentView.swift; sourceTree = "<group>"; };
		6C4DC0A42D32A84A006B203D /* Assets.xcassets */ = {isa = PBXFileReference; lastKnownFileType = folder.assetcatalog; path = Assets.xcassets; sourceTree = "<group>"; };
		6C4DC0A72D32A84A006B203D /* Preview Assets.xcassets */ = {isa = PBXFileReference; lastKnownFileType = folder.assetcatalog; path = "Preview Assets.xcassets"; sourceTree = "<group>"; };
		6C4DC0E62D32AEE6006B203D /* GoogleService-Info.plist */ = {isa = PBXFileReference; fileEncoding = 4; lastKnownFileType = text.plist.xml; path = "GoogleService-Info.plist"; sourceTree = "<group>"; };
		6C4DC0F12D32B552006B203D /* LoginRepository.swift */ = {isa = PBXFileReference; lastKnownFileType = sourcecode.swift; path = LoginRepository.swift; sourceTree = "<group>"; };
		6C4DC0F32D32B604006B203D /* User.swift */ = {isa = PBXFileReference; lastKnownFileType = sourcecode.swift; path = User.swift; sourceTree = "<group>"; };
		6C4DC0F52D32B644006B203D /* LoginDataRepository.swift */ = {isa = PBXFileReference; lastKnownFileType = sourcecode.swift; path = LoginDataRepository.swift; sourceTree = "<group>"; };
		6C4DC0F82D32B6DF006B203D /* LoginWithEmailUseCase.swift */ = {isa = PBXFileReference; lastKnownFileType = sourcecode.swift; path = LoginWithEmailUseCase.swift; sourceTree = "<group>"; };
		6C4DC0FB2D32BCFA006B203D /* LogoutUseCase.swift */ = {isa = PBXFileReference; lastKnownFileType = sourcecode.swift; path = LogoutUseCase.swift; sourceTree = "<group>"; };
		6C4DC0FE2D32D0DB006B203D /* DatabaseManager.swift */ = {isa = PBXFileReference; lastKnownFileType = sourcecode.swift; path = DatabaseManager.swift; sourceTree = "<group>"; };
		6C4DC1002D32DFC7006B203D /* LoginWithEmailView.swift */ = {isa = PBXFileReference; lastKnownFileType = sourcecode.swift; path = LoginWithEmailView.swift; sourceTree = "<group>"; };
		6C4DC1032D32EA4D006B203D /* UserAuthorizationState.swift */ = {isa = PBXFileReference; lastKnownFileType = sourcecode.swift; path = UserAuthorizationState.swift; sourceTree = "<group>"; };
		6C4DC1052D32EE1B006B203D /* HomeView.swift */ = {isa = PBXFileReference; lastKnownFileType = sourcecode.swift; path = HomeView.swift; sourceTree = "<group>"; };
		6C4DC1092D32EE5C006B203D /* LoginWithEmailViewModel.swift */ = {isa = PBXFileReference; lastKnownFileType = sourcecode.swift; path = LoginWithEmailViewModel.swift; sourceTree = "<group>"; };
		6C4DC10B2D32EE8B006B203D /* RequestState.swift */ = {isa = PBXFileReference; lastKnownFileType = sourcecode.swift; path = RequestState.swift; sourceTree = "<group>"; };
		6C4DC10D2D32EF4E006B203D /* SignUpWithEmailUseCase.swift */ = {isa = PBXFileReference; lastKnownFileType = sourcecode.swift; path = SignUpWithEmailUseCase.swift; sourceTree = "<group>"; };
		6C4DC1102D33BD78006B203D /* AppScreen.swift */ = {isa = PBXFileReference; lastKnownFileType = sourcecode.swift; path = AppScreen.swift; sourceTree = "<group>"; };
		6C4DC1122D33BE65006B203D /* Habit.swift */ = {isa = PBXFileReference; lastKnownFileType = sourcecode.swift; path = Habit.swift; sourceTree = "<group>"; };
		6C4DC1152D33D95E006B203D /* HabitRepository.swift */ = {isa = PBXFileReference; lastKnownFileType = sourcecode.swift; path = HabitRepository.swift; sourceTree = "<group>"; };
		6C4DC1172D33D9F6006B203D /* HabitDataRepository.swift */ = {isa = PBXFileReference; lastKnownFileType = sourcecode.swift; path = HabitDataRepository.swift; sourceTree = "<group>"; };
		6C4DC11A2D33DF81006B203D /* AddingHabitUseCase.swift */ = {isa = PBXFileReference; lastKnownFileType = sourcecode.swift; path = AddingHabitUseCase.swift; sourceTree = "<group>"; };
		6C4DC11C2D33DFE0006B203D /* UpdatingHabitUseCase.swift */ = {isa = PBXFileReference; lastKnownFileType = sourcecode.swift; path = UpdatingHabitUseCase.swift; sourceTree = "<group>"; };
		6C4DC11E2D33E01E006B203D /* FetchingHabitsUseCase.swift */ = {isa = PBXFileReference; lastKnownFileType = sourcecode.swift; path = FetchingHabitsUseCase.swift; sourceTree = "<group>"; };
		6C4DC1202D33E081006B203D /* DeletingHabitUseCase.swift */ = {isa = PBXFileReference; lastKnownFileType = sourcecode.swift; path = DeletingHabitUseCase.swift; sourceTree = "<group>"; };
		6C4DC1222D33E0EA006B203D /* HomeViewModel.swift */ = {isa = PBXFileReference; lastKnownFileType = sourcecode.swift; path = HomeViewModel.swift; sourceTree = "<group>"; };
		6C4DC1242D343638006B203D /* HabitCardDetails.swift */ = {isa = PBXFileReference; lastKnownFileType = sourcecode.swift; path = HabitCardDetails.swift; sourceTree = "<group>"; };
		6C4DC1282D3448A7006B203D /* AddNewHabitView.swift */ = {isa = PBXFileReference; lastKnownFileType = sourcecode.swift; path = AddNewHabitView.swift; sourceTree = "<group>"; };
		6C4DC12A2D344C80006B203D /* HabitCardState.swift */ = {isa = PBXFileReference; lastKnownFileType = sourcecode.swift; path = HabitCardState.swift; sourceTree = "<group>"; };
		6C4DC12C2D345543006B203D /* HomeLoaderView.swift */ = {isa = PBXFileReference; lastKnownFileType = sourcecode.swift; path = HomeLoaderView.swift; sourceTree = "<group>"; };
		6C4DC12F2D3455C3006B203D /* ViewExtension.swift */ = {isa = PBXFileReference; lastKnownFileType = sourcecode.swift; path = ViewExtension.swift; sourceTree = "<group>"; };
		6C4DC1322D3455E9006B203D /* ShimmerEffect.swift */ = {isa = PBXFileReference; lastKnownFileType = sourcecode.swift; path = ShimmerEffect.swift; sourceTree = "<group>"; };
		6C4DC1342D34809E006B203D /* LunchScreen.storyboard */ = {isa = PBXFileReference; lastKnownFileType = file.storyboard; path = LunchScreen.storyboard; sourceTree = "<group>"; };
/* End PBXFileReference section */

/* Begin PBXFrameworksBuildPhase section */
		6C4DC09A2D32A848006B203D /* Frameworks */ = {
			isa = PBXFrameworksBuildPhase;
			buildActionMask = 2147483647;
			files = (
				6C4DC0CE2D32ACEA006B203D /* FirebaseFirestoreCombine-Community in Frameworks */,
				6C4DC0E42D32ACEA006B203D /* FirebaseVertexAI in Frameworks */,
				6C4DC0D02D32ACEA006B203D /* FirebaseFunctions in Frameworks */,
				6C4DC0DC2D32ACEA006B203D /* FirebasePerformance in Frameworks */,
				6C4DC0E22D32ACEA006B203D /* FirebaseStorageCombine-Community in Frameworks */,
				6C4DC0DE2D32ACEA006B203D /* FirebaseRemoteConfig in Frameworks */,
				6C4DC0C82D32ACEA006B203D /* FirebaseDatabase in Frameworks */,
				6C4DC0CA2D32ACEA006B203D /* FirebaseDynamicLinks in Frameworks */,
				6C4DC0BC2D32ACEA006B203D /* FirebaseAppCheck in Frameworks */,
				6C4DC0C02D32ACEA006B203D /* FirebaseAuth in Frameworks */,
				6C4DC0B62D32ACEA006B203D /* FirebaseAnalytics in Frameworks */,
				6C4DC0CC2D32ACEA006B203D /* FirebaseFirestore in Frameworks */,
				6C4DC0DA2D32ACEA006B203D /* FirebaseMessaging in Frameworks */,
				6C4DC0D62D32ACEA006B203D /* FirebaseInstallations in Frameworks */,
				6C4DC0D22D32ACEA006B203D /* FirebaseFunctionsCombine-Community in Frameworks */,
				6C4DC0BE2D32ACEA006B203D /* FirebaseAppDistribution-Beta in Frameworks */,
				6C4DC0BA2D32ACEA006B203D /* FirebaseAnalyticsWithoutAdIdSupport in Frameworks */,
				6C4DC0D42D32ACEA006B203D /* FirebaseInAppMessaging-Beta in Frameworks */,
				6C4DC0C22D32ACEA006B203D /* FirebaseAuthCombine-Community in Frameworks */,
				6C4DC0C62D32ACEA006B203D /* FirebaseCrashlytics in Frameworks */,
				6C4DC0D82D32ACEA006B203D /* FirebaseMLModelDownloader in Frameworks */,
				6C4DC0E02D32ACEA006B203D /* FirebaseStorage in Frameworks */,
				6C4DC0C42D32ACEA006B203D /* FirebaseCore in Frameworks */,
				6C4DC0B82D32ACEA006B203D /* FirebaseAnalyticsOnDeviceConversion in Frameworks */,
			);
			runOnlyForDeploymentPostprocessing = 0;
		};
/* End PBXFrameworksBuildPhase section */

/* Begin PBXGroup section */
		6C4DC0942D32A848006B203D = {
			isa = PBXGroup;
			children = (
				6C4DC09F2D32A848006B203D /* HabitTracker */,
				6C4DC09E2D32A848006B203D /* Products */,
			);
			sourceTree = "<group>";
		};
		6C4DC09E2D32A848006B203D /* Products */ = {
			isa = PBXGroup;
			children = (
				6C4DC09D2D32A848006B203D /* HabitTracker.app */,
			);
			name = Products;
			sourceTree = "<group>";
		};
		6C4DC09F2D32A848006B203D /* HabitTracker */ = {
			isa = PBXGroup;
			children = (
				6C4DC1312D3455CD006B203D /* Modifiers */,
				6C4DC12E2D3455AA006B203D /* Extensions */,
				6C4DC10F2D33BD61006B203D /* Enum */,
				6C4DC1022D32EA2B006B203D /* States */,
				6C4DC0E62D32AEE6006B203D /* GoogleService-Info.plist */,
				6C4DC0B02D32A8C0006B203D /* Data */,
				6C4DC0AF2D32A8BD006B203D /* Domain */,
				6C4DC0AE2D32A8BA006B203D /* Presentation */,
				6C4DC0A02D32A848006B203D /* HabitTrackerApp.swift */,
				6C4DC0A22D32A848006B203D /* ContentView.swift */,
				6C4DC0A42D32A84A006B203D /* Assets.xcassets */,
				6C4DC0A62D32A84A006B203D /* Preview Content */,
				6C4DC1342D34809E006B203D /* LunchScreen.storyboard */,
			);
			path = HabitTracker;
			sourceTree = "<group>";
		};
		6C4DC0A62D32A84A006B203D /* Preview Content */ = {
			isa = PBXGroup;
			children = (
				6C4DC0A72D32A84A006B203D /* Preview Assets.xcassets */,
			);
			path = "Preview Content";
			sourceTree = "<group>";
		};
		6C4DC0AE2D32A8BA006B203D /* Presentation */ = {
			isa = PBXGroup;
			children = (
				6C4DC0E52D32AE31006B203D /* Login */,
				6C4DC0B12D32A8DA006B203D /* Home */,
			);
			path = Presentation;
			sourceTree = "<group>";
		};
		6C4DC0AF2D32A8BD006B203D /* Domain */ = {
			isa = PBXGroup;
			children = (
				6C4DC0EC2D32B4FF006B203D /* Model */,
				6C4DC0EB2D32B33E006B203D /* Repositories */,
				6C4DC0ED2D32B504006B203D /* UseCases */,
			);
			path = Domain;
			sourceTree = "<group>";
		};
		6C4DC0B02D32A8C0006B203D /* Data */ = {
			isa = PBXGroup;
			children = (
				6C4DC0EA2D32B32C006B203D /* DatabaseManager */,
				6C4DC0E82D32B302006B203D /* Repositories */,
			);
			path = Data;
			sourceTree = "<group>";
		};
		6C4DC0B12D32A8DA006B203D /* Home */ = {
			isa = PBXGroup;
			children = (
				6C4DC1372D348F1E006B203D /* ViewModel */,
				6C4DC1362D348F08006B203D /* View */,
			);
			path = Home;
			sourceTree = "<group>";
		};
		6C4DC0E52D32AE31006B203D /* Login */ = {
			isa = PBXGroup;
			children = (
				6C4DC1082D32EE3C006B203D /* ViewModel */,
				6C4DC1072D32EE32006B203D /* View */,
			);
			path = Login;
			sourceTree = "<group>";
		};
		6C4DC0E82D32B302006B203D /* Repositories */ = {
			isa = PBXGroup;
			children = (
				6C4DC0F52D32B644006B203D /* LoginDataRepository.swift */,
				6C4DC1172D33D9F6006B203D /* HabitDataRepository.swift */,
			);
			path = Repositories;
			sourceTree = "<group>";
		};
		6C4DC0EA2D32B32C006B203D /* DatabaseManager */ = {
			isa = PBXGroup;
			children = (
				6C4DC0FE2D32D0DB006B203D /* DatabaseManager.swift */,
			);
			path = DatabaseManager;
			sourceTree = "<group>";
		};
		6C4DC0EB2D32B33E006B203D /* Repositories */ = {
			isa = PBXGroup;
			children = (
				6C4DC0EE2D32B521006B203D /* LoginRepo */,
				6C4DC1142D33D93C006B203D /* HbitRepo */,
			);
			path = Repositories;
			sourceTree = "<group>";
		};
		6C4DC0EC2D32B4FF006B203D /* Model */ = {
			isa = PBXGroup;
			children = (
				6C4DC0F32D32B604006B203D /* User.swift */,
				6C4DC1122D33BE65006B203D /* Habit.swift */,
			);
			path = Model;
			sourceTree = "<group>";
		};
		6C4DC0ED2D32B504006B203D /* UseCases */ = {
			isa = PBXGroup;
			children = (
				6C4DC0F72D32B6CB006B203D /* LoginUseCases */,
				6C4DC1192D33DF63006B203D /* HabitUseCases */,
			);
			path = UseCases;
			sourceTree = "<group>";
		};
		6C4DC0EE2D32B521006B203D /* LoginRepo */ = {
			isa = PBXGroup;
			children = (
				6C4DC0F12D32B552006B203D /* LoginRepository.swift */,
			);
			path = LoginRepo;
			sourceTree = "<group>";
		};
		6C4DC0F72D32B6CB006B203D /* LoginUseCases */ = {
			isa = PBXGroup;
			children = (
				6C4DC10D2D32EF4E006B203D /* SignUpWithEmailUseCase.swift */,
				6C4DC0F82D32B6DF006B203D /* LoginWithEmailUseCase.swift */,
				6C4DC0FB2D32BCFA006B203D /* LogoutUseCase.swift */,
			);
			path = LoginUseCases;
			sourceTree = "<group>";
		};
		6C4DC1022D32EA2B006B203D /* States */ = {
			isa = PBXGroup;
			children = (
				6C4DC1032D32EA4D006B203D /* UserAuthorizationState.swift */,
				6C4DC10B2D32EE8B006B203D /* RequestState.swift */,
				6C4DC12A2D344C80006B203D /* HabitCardState.swift */,
			);
			path = States;
			sourceTree = "<group>";
		};
		6C4DC1072D32EE32006B203D /* View */ = {
			isa = PBXGroup;
			children = (
				6C4DC1002D32DFC7006B203D /* LoginWithEmailView.swift */,
			);
			path = View;
			sourceTree = "<group>";
		};
		6C4DC1082D32EE3C006B203D /* ViewModel */ = {
			isa = PBXGroup;
			children = (
				6C4DC1092D32EE5C006B203D /* LoginWithEmailViewModel.swift */,
			);
			path = ViewModel;
			sourceTree = "<group>";
		};
		6C4DC10F2D33BD61006B203D /* Enum */ = {
			isa = PBXGroup;
			children = (
				6C4DC1102D33BD78006B203D /* AppScreen.swift */,
			);
			path = Enum;
			sourceTree = "<group>";
		};
		6C4DC1142D33D93C006B203D /* HbitRepo */ = {
			isa = PBXGroup;
			children = (
				6C4DC1152D33D95E006B203D /* HabitRepository.swift */,
			);
			path = HbitRepo;
			sourceTree = "<group>";
		};
		6C4DC1192D33DF63006B203D /* HabitUseCases */ = {
			isa = PBXGroup;
			children = (
				6C4DC11A2D33DF81006B203D /* AddingHabitUseCase.swift */,
				6C4DC11C2D33DFE0006B203D /* UpdatingHabitUseCase.swift */,
				6C4DC11E2D33E01E006B203D /* FetchingHabitsUseCase.swift */,
				6C4DC1202D33E081006B203D /* DeletingHabitUseCase.swift */,
			);
			path = HabitUseCases;
			sourceTree = "<group>";
		};
		6C4DC12E2D3455AA006B203D /* Extensions */ = {
			isa = PBXGroup;
			children = (
				6C4DC12F2D3455C3006B203D /* ViewExtension.swift */,
			);
			path = Extensions;
			sourceTree = "<group>";
		};
		6C4DC1312D3455CD006B203D /* Modifiers */ = {
			isa = PBXGroup;
			children = (
				6C4DC1322D3455E9006B203D /* ShimmerEffect.swift */,
			);
			path = Modifiers;
			sourceTree = "<group>";
		};
		6C4DC1362D348F08006B203D /* View */ = {
			isa = PBXGroup;
			children = (
				6C4DC1052D32EE1B006B203D /* HomeView.swift */,
				6C4DC1242D343638006B203D /* HabitCardDetails.swift */,
				6C4DC1282D3448A7006B203D /* AddNewHabitView.swift */,
				6C4DC12C2D345543006B203D /* HomeLoaderView.swift */,
			);
			path = View;
			sourceTree = "<group>";
		};
		6C4DC1372D348F1E006B203D /* ViewModel */ = {
			isa = PBXGroup;
			children = (
				6C4DC1222D33E0EA006B203D /* HomeViewModel.swift */,
			);
			path = ViewModel;
			sourceTree = "<group>";
		};
/* End PBXGroup section */

/* Begin PBXNativeTarget section */
		6C4DC09C2D32A848006B203D /* HabitTracker */ = {
			isa = PBXNativeTarget;
			buildConfigurationList = 6C4DC0AB2D32A84A006B203D /* Build configuration list for PBXNativeTarget "HabitTracker" */;
			buildPhases = (
				6C4DC0992D32A848006B203D /* Sources */,
				6C4DC09A2D32A848006B203D /* Frameworks */,
				6C4DC09B2D32A848006B203D /* Resources */,
			);
			buildRules = (
			);
			dependencies = (
			);
			name = HabitTracker;
			packageProductDependencies = (
				6C4DC0B52D32ACEA006B203D /* FirebaseAnalytics */,
				6C4DC0B72D32ACEA006B203D /* FirebaseAnalyticsOnDeviceConversion */,
				6C4DC0B92D32ACEA006B203D /* FirebaseAnalyticsWithoutAdIdSupport */,
				6C4DC0BB2D32ACEA006B203D /* FirebaseAppCheck */,
				6C4DC0BD2D32ACEA006B203D /* FirebaseAppDistribution-Beta */,
				6C4DC0BF2D32ACEA006B203D /* FirebaseAuth */,
				6C4DC0C12D32ACEA006B203D /* FirebaseAuthCombine-Community */,
				6C4DC0C32D32ACEA006B203D /* FirebaseCore */,
				6C4DC0C52D32ACEA006B203D /* FirebaseCrashlytics */,
				6C4DC0C72D32ACEA006B203D /* FirebaseDatabase */,
				6C4DC0C92D32ACEA006B203D /* FirebaseDynamicLinks */,
				6C4DC0CB2D32ACEA006B203D /* FirebaseFirestore */,
				6C4DC0CD2D32ACEA006B203D /* FirebaseFirestoreCombine-Community */,
				6C4DC0CF2D32ACEA006B203D /* FirebaseFunctions */,
				6C4DC0D12D32ACEA006B203D /* FirebaseFunctionsCombine-Community */,
				6C4DC0D32D32ACEA006B203D /* FirebaseInAppMessaging-Beta */,
				6C4DC0D52D32ACEA006B203D /* FirebaseInstallations */,
				6C4DC0D72D32ACEA006B203D /* FirebaseMLModelDownloader */,
				6C4DC0D92D32ACEA006B203D /* FirebaseMessaging */,
				6C4DC0DB2D32ACEA006B203D /* FirebasePerformance */,
				6C4DC0DD2D32ACEA006B203D /* FirebaseRemoteConfig */,
				6C4DC0DF2D32ACEA006B203D /* FirebaseStorage */,
				6C4DC0E12D32ACEA006B203D /* FirebaseStorageCombine-Community */,
				6C4DC0E32D32ACEA006B203D /* FirebaseVertexAI */,
			);
			productName = HabitTracker;
			productReference = 6C4DC09D2D32A848006B203D /* HabitTracker.app */;
			productType = "com.apple.product-type.application";
		};
/* End PBXNativeTarget section */

/* Begin PBXProject section */
		6C4DC0952D32A848006B203D /* Project object */ = {
			isa = PBXProject;
			attributes = {
				BuildIndependentTargetsInParallel = 1;
				LastSwiftUpdateCheck = 1500;
				LastUpgradeCheck = 1500;
				TargetAttributes = {
					6C4DC09C2D32A848006B203D = {
						CreatedOnToolsVersion = 15.0;
					};
				};
			};
			buildConfigurationList = 6C4DC0982D32A848006B203D /* Build configuration list for PBXProject "HabitTracker" */;
			compatibilityVersion = "Xcode 14.0";
			developmentRegion = en;
			hasScannedForEncodings = 0;
			knownRegions = (
				en,
				Base,
			);
			mainGroup = 6C4DC0942D32A848006B203D;
			packageReferences = (
				6C4DC0B42D32ACEA006B203D /* XCRemoteSwiftPackageReference "firebase-ios-sdk" */,
			);
			productRefGroup = 6C4DC09E2D32A848006B203D /* Products */;
			projectDirPath = "";
			projectRoot = "";
			targets = (
				6C4DC09C2D32A848006B203D /* HabitTracker */,
			);
		};
/* End PBXProject section */

/* Begin PBXResourcesBuildPhase section */
		6C4DC09B2D32A848006B203D /* Resources */ = {
			isa = PBXResourcesBuildPhase;
			buildActionMask = 2147483647;
			files = (
				6C4DC0A82D32A84A006B203D /* Preview Assets.xcassets in Resources */,
				6C4DC0E72D32AEE6006B203D /* GoogleService-Info.plist in Resources */,
				6C4DC0A52D32A84A006B203D /* Assets.xcassets in Resources */,
				6C4DC1352D34809E006B203D /* LunchScreen.storyboard in Resources */,
			);
			runOnlyForDeploymentPostprocessing = 0;
		};
/* End PBXResourcesBuildPhase section */

/* Begin PBXSourcesBuildPhase section */
		6C4DC0992D32A848006B203D /* Sources */ = {
			isa = PBXSourcesBuildPhase;
			buildActionMask = 2147483647;
			files = (
				6C4DC1212D33E081006B203D /* DeletingHabitUseCase.swift in Sources */,
				6C4DC0FF2D32D0DB006B203D /* DatabaseManager.swift in Sources */,
				6C4DC10A2D32EE5C006B203D /* LoginWithEmailViewModel.swift in Sources */,
				6C4DC11D2D33DFE0006B203D /* UpdatingHabitUseCase.swift in Sources */,
				6C4DC10C2D32EE8B006B203D /* RequestState.swift in Sources */,
				6C4DC1232D33E0EA006B203D /* HomeViewModel.swift in Sources */,
				6C4DC1292D3448A7006B203D /* AddNewHabitView.swift in Sources */,
				6C4DC0FC2D32BCFA006B203D /* LogoutUseCase.swift in Sources */,
				6C4DC0F42D32B604006B203D /* User.swift in Sources */,
				6C4DC0F62D32B644006B203D /* LoginDataRepository.swift in Sources */,
				6C4DC1302D3455C3006B203D /* ViewExtension.swift in Sources */,
				6C4DC1012D32DFC7006B203D /* LoginWithEmailView.swift in Sources */,
				6C4DC1062D32EE1B006B203D /* HomeView.swift in Sources */,
				6C4DC1042D32EA4D006B203D /* UserAuthorizationState.swift in Sources */,
				6C4DC0F92D32B6DF006B203D /* LoginWithEmailUseCase.swift in Sources */,
				6C4DC11F2D33E01E006B203D /* FetchingHabitsUseCase.swift in Sources */,
				6C4DC10E2D32EF4E006B203D /* SignUpWithEmailUseCase.swift in Sources */,
				6C4DC0A32D32A848006B203D /* ContentView.swift in Sources */,
				6C4DC12D2D345543006B203D /* HomeLoaderView.swift in Sources */,
				6C4DC11B2D33DF81006B203D /* AddingHabitUseCase.swift in Sources */,
				6C4DC1252D343638006B203D /* HabitCardDetails.swift in Sources */,
				6C4DC1332D3455E9006B203D /* ShimmerEffect.swift in Sources */,
				6C4DC0A12D32A848006B203D /* HabitTrackerApp.swift in Sources */,
				6C4DC1162D33D95E006B203D /* HabitRepository.swift in Sources */,
				6C4DC1182D33D9F6006B203D /* HabitDataRepository.swift in Sources */,
				6C4DC0F22D32B552006B203D /* LoginRepository.swift in Sources */,
				6C4DC1132D33BE65006B203D /* Habit.swift in Sources */,
				6C4DC12B2D344C80006B203D /* HabitCardState.swift in Sources */,
				6C4DC1112D33BD78006B203D /* AppScreen.swift in Sources */,
			);
			runOnlyForDeploymentPostprocessing = 0;
		};
/* End PBXSourcesBuildPhase section */

/* Begin XCBuildConfiguration section */
		6C4DC0A92D32A84A006B203D /* Debug */ = {
			isa = XCBuildConfiguration;
			buildSettings = {
				ALWAYS_SEARCH_USER_PATHS = NO;
				ASSETCATALOG_COMPILER_GENERATE_SWIFT_ASSET_SYMBOL_EXTENSIONS = YES;
				CLANG_ANALYZER_NONNULL = YES;
				CLANG_ANALYZER_NUMBER_OBJECT_CONVERSION = YES_AGGRESSIVE;
				CLANG_CXX_LANGUAGE_STANDARD = "gnu++20";
				CLANG_ENABLE_MODULES = YES;
				CLANG_ENABLE_OBJC_ARC = YES;
				CLANG_ENABLE_OBJC_WEAK = YES;
				CLANG_WARN_BLOCK_CAPTURE_AUTORELEASING = YES;
				CLANG_WARN_BOOL_CONVERSION = YES;
				CLANG_WARN_COMMA = YES;
				CLANG_WARN_CONSTANT_CONVERSION = YES;
				CLANG_WARN_DEPRECATED_OBJC_IMPLEMENTATIONS = YES;
				CLANG_WARN_DIRECT_OBJC_ISA_USAGE = YES_ERROR;
				CLANG_WARN_DOCUMENTATION_COMMENTS = YES;
				CLANG_WARN_EMPTY_BODY = YES;
				CLANG_WARN_ENUM_CONVERSION = YES;
				CLANG_WARN_INFINITE_RECURSION = YES;
				CLANG_WARN_INT_CONVERSION = YES;
				CLANG_WARN_NON_LITERAL_NULL_CONVERSION = YES;
				CLANG_WARN_OBJC_IMPLICIT_RETAIN_SELF = YES;
				CLANG_WARN_OBJC_LITERAL_CONVERSION = YES;
				CLANG_WARN_OBJC_ROOT_CLASS = YES_ERROR;
				CLANG_WARN_QUOTED_INCLUDE_IN_FRAMEWORK_HEADER = YES;
				CLANG_WARN_RANGE_LOOP_ANALYSIS = YES;
				CLANG_WARN_STRICT_PROTOTYPES = YES;
				CLANG_WARN_SUSPICIOUS_MOVE = YES;
				CLANG_WARN_UNGUARDED_AVAILABILITY = YES_AGGRESSIVE;
				CLANG_WARN_UNREACHABLE_CODE = YES;
				CLANG_WARN__DUPLICATE_METHOD_MATCH = YES;
				COPY_PHASE_STRIP = NO;
				DEBUG_INFORMATION_FORMAT = dwarf;
				ENABLE_STRICT_OBJC_MSGSEND = YES;
				ENABLE_TESTABILITY = YES;
				ENABLE_USER_SCRIPT_SANDBOXING = YES;
				GCC_C_LANGUAGE_STANDARD = gnu17;
				GCC_DYNAMIC_NO_PIC = NO;
				GCC_NO_COMMON_BLOCKS = YES;
				GCC_OPTIMIZATION_LEVEL = 0;
				GCC_PREPROCESSOR_DEFINITIONS = (
					"DEBUG=1",
					"$(inherited)",
				);
				GCC_WARN_64_TO_32_BIT_CONVERSION = YES;
				GCC_WARN_ABOUT_RETURN_TYPE = YES_ERROR;
				GCC_WARN_UNDECLARED_SELECTOR = YES;
				GCC_WARN_UNINITIALIZED_AUTOS = YES_AGGRESSIVE;
				GCC_WARN_UNUSED_FUNCTION = YES;
				GCC_WARN_UNUSED_VARIABLE = YES;
				IPHONEOS_DEPLOYMENT_TARGET = 17.0;
				LOCALIZATION_PREFERS_STRING_CATALOGS = YES;
				MTL_ENABLE_DEBUG_INFO = INCLUDE_SOURCE;
				MTL_FAST_MATH = YES;
				ONLY_ACTIVE_ARCH = YES;
				SDKROOT = iphoneos;
				SWIFT_ACTIVE_COMPILATION_CONDITIONS = "DEBUG $(inherited)";
				SWIFT_OPTIMIZATION_LEVEL = "-Onone";
			};
			name = Debug;
		};
		6C4DC0AA2D32A84A006B203D /* Release */ = {
			isa = XCBuildConfiguration;
			buildSettings = {
				ALWAYS_SEARCH_USER_PATHS = NO;
				ASSETCATALOG_COMPILER_GENERATE_SWIFT_ASSET_SYMBOL_EXTENSIONS = YES;
				CLANG_ANALYZER_NONNULL = YES;
				CLANG_ANALYZER_NUMBER_OBJECT_CONVERSION = YES_AGGRESSIVE;
				CLANG_CXX_LANGUAGE_STANDARD = "gnu++20";
				CLANG_ENABLE_MODULES = YES;
				CLANG_ENABLE_OBJC_ARC = YES;
				CLANG_ENABLE_OBJC_WEAK = YES;
				CLANG_WARN_BLOCK_CAPTURE_AUTORELEASING = YES;
				CLANG_WARN_BOOL_CONVERSION = YES;
				CLANG_WARN_COMMA = YES;
				CLANG_WARN_CONSTANT_CONVERSION = YES;
				CLANG_WARN_DEPRECATED_OBJC_IMPLEMENTATIONS = YES;
				CLANG_WARN_DIRECT_OBJC_ISA_USAGE = YES_ERROR;
				CLANG_WARN_DOCUMENTATION_COMMENTS = YES;
				CLANG_WARN_EMPTY_BODY = YES;
				CLANG_WARN_ENUM_CONVERSION = YES;
				CLANG_WARN_INFINITE_RECURSION = YES;
				CLANG_WARN_INT_CONVERSION = YES;
				CLANG_WARN_NON_LITERAL_NULL_CONVERSION = YES;
				CLANG_WARN_OBJC_IMPLICIT_RETAIN_SELF = YES;
				CLANG_WARN_OBJC_LITERAL_CONVERSION = YES;
				CLANG_WARN_OBJC_ROOT_CLASS = YES_ERROR;
				CLANG_WARN_QUOTED_INCLUDE_IN_FRAMEWORK_HEADER = YES;
				CLANG_WARN_RANGE_LOOP_ANALYSIS = YES;
				CLANG_WARN_STRICT_PROTOTYPES = YES;
				CLANG_WARN_SUSPICIOUS_MOVE = YES;
				CLANG_WARN_UNGUARDED_AVAILABILITY = YES_AGGRESSIVE;
				CLANG_WARN_UNREACHABLE_CODE = YES;
				CLANG_WARN__DUPLICATE_METHOD_MATCH = YES;
				COPY_PHASE_STRIP = NO;
				DEBUG_INFORMATION_FORMAT = "dwarf-with-dsym";
				ENABLE_NS_ASSERTIONS = NO;
				ENABLE_STRICT_OBJC_MSGSEND = YES;
				ENABLE_USER_SCRIPT_SANDBOXING = YES;
				GCC_C_LANGUAGE_STANDARD = gnu17;
				GCC_NO_COMMON_BLOCKS = YES;
				GCC_WARN_64_TO_32_BIT_CONVERSION = YES;
				GCC_WARN_ABOUT_RETURN_TYPE = YES_ERROR;
				GCC_WARN_UNDECLARED_SELECTOR = YES;
				GCC_WARN_UNINITIALIZED_AUTOS = YES_AGGRESSIVE;
				GCC_WARN_UNUSED_FUNCTION = YES;
				GCC_WARN_UNUSED_VARIABLE = YES;
				IPHONEOS_DEPLOYMENT_TARGET = 17.0;
				LOCALIZATION_PREFERS_STRING_CATALOGS = YES;
				MTL_ENABLE_DEBUG_INFO = NO;
				MTL_FAST_MATH = YES;
				SDKROOT = iphoneos;
				SWIFT_COMPILATION_MODE = wholemodule;
				VALIDATE_PRODUCT = YES;
			};
			name = Release;
		};
		6C4DC0AC2D32A84A006B203D /* Debug */ = {
			isa = XCBuildConfiguration;
			buildSettings = {
				ASSETCATALOG_COMPILER_APPICON_NAME = AppIcon;
				ASSETCATALOG_COMPILER_GLOBAL_ACCENT_COLOR_NAME = AccentColor;
				CODE_SIGN_STYLE = Automatic;
				CURRENT_PROJECT_VERSION = 1;
				DEVELOPMENT_ASSET_PATHS = "\"HabitTracker/Preview Content\"";
				ENABLE_PREVIEWS = YES;
				GENERATE_INFOPLIST_FILE = YES;
				INFOPLIST_KEY_UIApplicationSceneManifest_Generation = YES;
				INFOPLIST_KEY_UIApplicationSupportsIndirectInputEvents = YES;
				INFOPLIST_KEY_UILaunchScreen_Generation = YES;
				INFOPLIST_KEY_UILaunchStoryboardName = LunchScreen.storyboard;
				INFOPLIST_KEY_UISupportedInterfaceOrientations_iPad = "UIInterfaceOrientationPortrait UIInterfaceOrientationPortraitUpsideDown UIInterfaceOrientationLandscapeLeft UIInterfaceOrientationLandscapeRight";
				INFOPLIST_KEY_UISupportedInterfaceOrientations_iPhone = "UIInterfaceOrientationPortrait UIInterfaceOrientationLandscapeLeft UIInterfaceOrientationLandscapeRight";
				LD_RUNPATH_SEARCH_PATHS = (
					"$(inherited)",
					"@executable_path/Frameworks",
				);
				MARKETING_VERSION = 1.0;
				PRODUCT_BUNDLE_IDENTIFIER = com.optimalsoft.HabitTracker;
				PRODUCT_NAME = "$(TARGET_NAME)";
				SWIFT_EMIT_LOC_STRINGS = YES;
				SWIFT_VERSION = 5.0;
				TARGETED_DEVICE_FAMILY = "1,2";
			};
			name = Debug;
		};
		6C4DC0AD2D32A84A006B203D /* Release */ = {
			isa = XCBuildConfiguration;
			buildSettings = {
				ASSETCATALOG_COMPILER_APPICON_NAME = AppIcon;
				ASSETCATALOG_COMPILER_GLOBAL_ACCENT_COLOR_NAME = AccentColor;
				CODE_SIGN_STYLE = Automatic;
				CURRENT_PROJECT_VERSION = 1;
				DEVELOPMENT_ASSET_PATHS = "\"HabitTracker/Preview Content\"";
				ENABLE_PREVIEWS = YES;
				GENERATE_INFOPLIST_FILE = YES;
				INFOPLIST_KEY_UIApplicationSceneManifest_Generation = YES;
				INFOPLIST_KEY_UIApplicationSupportsIndirectInputEvents = YES;
				INFOPLIST_KEY_UILaunchScreen_Generation = YES;
				INFOPLIST_KEY_UILaunchStoryboardName = LunchScreen.storyboard;
				INFOPLIST_KEY_UISupportedInterfaceOrientations_iPad = "UIInterfaceOrientationPortrait UIInterfaceOrientationPortraitUpsideDown UIInterfaceOrientationLandscapeLeft UIInterfaceOrientationLandscapeRight";
				INFOPLIST_KEY_UISupportedInterfaceOrientations_iPhone = "UIInterfaceOrientationPortrait UIInterfaceOrientationLandscapeLeft UIInterfaceOrientationLandscapeRight";
				LD_RUNPATH_SEARCH_PATHS = (
					"$(inherited)",
					"@executable_path/Frameworks",
				);
				MARKETING_VERSION = 1.0;
				PRODUCT_BUNDLE_IDENTIFIER = com.optimalsoft.HabitTracker;
				PRODUCT_NAME = "$(TARGET_NAME)";
				SWIFT_EMIT_LOC_STRINGS = YES;
				SWIFT_VERSION = 5.0;
				TARGETED_DEVICE_FAMILY = "1,2";
			};
			name = Release;
		};
/* End XCBuildConfiguration section */

/* Begin XCConfigurationList section */
		6C4DC0982D32A848006B203D /* Build configuration list for PBXProject "HabitTracker" */ = {
			isa = XCConfigurationList;
			buildConfigurations = (
				6C4DC0A92D32A84A006B203D /* Debug */,
				6C4DC0AA2D32A84A006B203D /* Release */,
			);
			defaultConfigurationIsVisible = 0;
			defaultConfigurationName = Release;
		};
		6C4DC0AB2D32A84A006B203D /* Build configuration list for PBXNativeTarget "HabitTracker" */ = {
			isa = XCConfigurationList;
			buildConfigurations = (
				6C4DC0AC2D32A84A006B203D /* Debug */,
				6C4DC0AD2D32A84A006B203D /* Release */,
			);
			defaultConfigurationIsVisible = 0;
			defaultConfigurationName = Release;
		};
/* End XCConfigurationList section */

/* Begin XCRemoteSwiftPackageReference section */
		6C4DC0B42D32ACEA006B203D /* XCRemoteSwiftPackageReference "firebase-ios-sdk" */ = {
			isa = XCRemoteSwiftPackageReference;
			repositoryURL = "https://github.com/firebase/firebase-ios-sdk.git";
			requirement = {
				kind = upToNextMajorVersion;
				minimumVersion = 11.6.0;
			};
		};
/* End XCRemoteSwiftPackageReference section */

/* Begin XCSwiftPackageProductDependency section */
		6C4DC0B52D32ACEA006B203D /* FirebaseAnalytics */ = {
			isa = XCSwiftPackageProductDependency;
			package = 6C4DC0B42D32ACEA006B203D /* XCRemoteSwiftPackageReference "firebase-ios-sdk" */;
			productName = FirebaseAnalytics;
		};
		6C4DC0B72D32ACEA006B203D /* FirebaseAnalyticsOnDeviceConversion */ = {
			isa = XCSwiftPackageProductDependency;
			package = 6C4DC0B42D32ACEA006B203D /* XCRemoteSwiftPackageReference "firebase-ios-sdk" */;
			productName = FirebaseAnalyticsOnDeviceConversion;
		};
		6C4DC0B92D32ACEA006B203D /* FirebaseAnalyticsWithoutAdIdSupport */ = {
			isa = XCSwiftPackageProductDependency;
			package = 6C4DC0B42D32ACEA006B203D /* XCRemoteSwiftPackageReference "firebase-ios-sdk" */;
			productName = FirebaseAnalyticsWithoutAdIdSupport;
		};
		6C4DC0BB2D32ACEA006B203D /* FirebaseAppCheck */ = {
			isa = XCSwiftPackageProductDependency;
			package = 6C4DC0B42D32ACEA006B203D /* XCRemoteSwiftPackageReference "firebase-ios-sdk" */;
			productName = FirebaseAppCheck;
		};
		6C4DC0BD2D32ACEA006B203D /* FirebaseAppDistribution-Beta */ = {
			isa = XCSwiftPackageProductDependency;
			package = 6C4DC0B42D32ACEA006B203D /* XCRemoteSwiftPackageReference "firebase-ios-sdk" */;
			productName = "FirebaseAppDistribution-Beta";
		};
		6C4DC0BF2D32ACEA006B203D /* FirebaseAuth */ = {
			isa = XCSwiftPackageProductDependency;
			package = 6C4DC0B42D32ACEA006B203D /* XCRemoteSwiftPackageReference "firebase-ios-sdk" */;
			productName = FirebaseAuth;
		};
		6C4DC0C12D32ACEA006B203D /* FirebaseAuthCombine-Community */ = {
			isa = XCSwiftPackageProductDependency;
			package = 6C4DC0B42D32ACEA006B203D /* XCRemoteSwiftPackageReference "firebase-ios-sdk" */;
			productName = "FirebaseAuthCombine-Community";
		};
		6C4DC0C32D32ACEA006B203D /* FirebaseCore */ = {
			isa = XCSwiftPackageProductDependency;
			package = 6C4DC0B42D32ACEA006B203D /* XCRemoteSwiftPackageReference "firebase-ios-sdk" */;
			productName = FirebaseCore;
		};
		6C4DC0C52D32ACEA006B203D /* FirebaseCrashlytics */ = {
			isa = XCSwiftPackageProductDependency;
			package = 6C4DC0B42D32ACEA006B203D /* XCRemoteSwiftPackageReference "firebase-ios-sdk" */;
			productName = FirebaseCrashlytics;
		};
		6C4DC0C72D32ACEA006B203D /* FirebaseDatabase */ = {
			isa = XCSwiftPackageProductDependency;
			package = 6C4DC0B42D32ACEA006B203D /* XCRemoteSwiftPackageReference "firebase-ios-sdk" */;
			productName = FirebaseDatabase;
		};
		6C4DC0C92D32ACEA006B203D /* FirebaseDynamicLinks */ = {
			isa = XCSwiftPackageProductDependency;
			package = 6C4DC0B42D32ACEA006B203D /* XCRemoteSwiftPackageReference "firebase-ios-sdk" */;
			productName = FirebaseDynamicLinks;
		};
		6C4DC0CB2D32ACEA006B203D /* FirebaseFirestore */ = {
			isa = XCSwiftPackageProductDependency;
			package = 6C4DC0B42D32ACEA006B203D /* XCRemoteSwiftPackageReference "firebase-ios-sdk" */;
			productName = FirebaseFirestore;
		};
		6C4DC0CD2D32ACEA006B203D /* FirebaseFirestoreCombine-Community */ = {
			isa = XCSwiftPackageProductDependency;
			package = 6C4DC0B42D32ACEA006B203D /* XCRemoteSwiftPackageReference "firebase-ios-sdk" */;
			productName = "FirebaseFirestoreCombine-Community";
		};
		6C4DC0CF2D32ACEA006B203D /* FirebaseFunctions */ = {
			isa = XCSwiftPackageProductDependency;
			package = 6C4DC0B42D32ACEA006B203D /* XCRemoteSwiftPackageReference "firebase-ios-sdk" */;
			productName = FirebaseFunctions;
		};
		6C4DC0D12D32ACEA006B203D /* FirebaseFunctionsCombine-Community */ = {
			isa = XCSwiftPackageProductDependency;
			package = 6C4DC0B42D32ACEA006B203D /* XCRemoteSwiftPackageReference "firebase-ios-sdk" */;
			productName = "FirebaseFunctionsCombine-Community";
		};
		6C4DC0D32D32ACEA006B203D /* FirebaseInAppMessaging-Beta */ = {
			isa = XCSwiftPackageProductDependency;
			package = 6C4DC0B42D32ACEA006B203D /* XCRemoteSwiftPackageReference "firebase-ios-sdk" */;
			productName = "FirebaseInAppMessaging-Beta";
		};
		6C4DC0D52D32ACEA006B203D /* FirebaseInstallations */ = {
			isa = XCSwiftPackageProductDependency;
			package = 6C4DC0B42D32ACEA006B203D /* XCRemoteSwiftPackageReference "firebase-ios-sdk" */;
			productName = FirebaseInstallations;
		};
		6C4DC0D72D32ACEA006B203D /* FirebaseMLModelDownloader */ = {
			isa = XCSwiftPackageProductDependency;
			package = 6C4DC0B42D32ACEA006B203D /* XCRemoteSwiftPackageReference "firebase-ios-sdk" */;
			productName = FirebaseMLModelDownloader;
		};
		6C4DC0D92D32ACEA006B203D /* FirebaseMessaging */ = {
			isa = XCSwiftPackageProductDependency;
			package = 6C4DC0B42D32ACEA006B203D /* XCRemoteSwiftPackageReference "firebase-ios-sdk" */;
			productName = FirebaseMessaging;
		};
		6C4DC0DB2D32ACEA006B203D /* FirebasePerformance */ = {
			isa = XCSwiftPackageProductDependency;
			package = 6C4DC0B42D32ACEA006B203D /* XCRemoteSwiftPackageReference "firebase-ios-sdk" */;
			productName = FirebasePerformance;
		};
		6C4DC0DD2D32ACEA006B203D /* FirebaseRemoteConfig */ = {
			isa = XCSwiftPackageProductDependency;
			package = 6C4DC0B42D32ACEA006B203D /* XCRemoteSwiftPackageReference "firebase-ios-sdk" */;
			productName = FirebaseRemoteConfig;
		};
		6C4DC0DF2D32ACEA006B203D /* FirebaseStorage */ = {
			isa = XCSwiftPackageProductDependency;
			package = 6C4DC0B42D32ACEA006B203D /* XCRemoteSwiftPackageReference "firebase-ios-sdk" */;
			productName = FirebaseStorage;
		};
		6C4DC0E12D32ACEA006B203D /* FirebaseStorageCombine-Community */ = {
			isa = XCSwiftPackageProductDependency;
			package = 6C4DC0B42D32ACEA006B203D /* XCRemoteSwiftPackageReference "firebase-ios-sdk" */;
			productName = "FirebaseStorageCombine-Community";
		};
		6C4DC0E32D32ACEA006B203D /* FirebaseVertexAI */ = {
			isa = XCSwiftPackageProductDependency;
			package = 6C4DC0B42D32ACEA006B203D /* XCRemoteSwiftPackageReference "firebase-ios-sdk" */;
			productName = FirebaseVertexAI;
		};
/* End XCSwiftPackageProductDependency section */
	};
	rootObject = 6C4DC0952D32A848006B203D /* Project object */;
}
